<?xml version="1.0" encoding="utf-8"?>
<Project ToolsVersion="4.0" xmlns="http://schemas.microsoft.com/developer/msbuild/2003">
  <ItemGroup>
    <Filter Include="Core">
      <UniqueIdentifier>{dd548ed7-a5e1-4320-a1a4-f7c0288bbfb0}</UniqueIdentifier>
    </Filter>
    <Filter Include="App">
      <UniqueIdentifier>{36aa91da-6e62-41d1-8454-67486286122e}</UniqueIdentifier>
    </Filter>
  </ItemGroup>
  <ItemGroup>
    <ClCompile Include="main.cpp">
      <Filter>App</Filter>
    </ClCompile>
    <ClCompile Include="stdafx.cpp">
      <Filter>App</Filter>
    </ClCompile>
    <ClCompile Include="system.cpp">
      <Filter>App</Filter>
    </ClCompile>
    <ClCompile Include="GraphicsEngine.cpp">
      <Filter>Core</Filter>
    </ClCompile>
    <ClCompile Include="RenderContext.cpp">
      <Filter>Core</Filter>
    </ClCompile>
    <ClCompile Include="TkEngine.cpp">
      <Filter>Core</Filter>
    </ClCompile>
  </ItemGroup>
  <ItemGroup>
    <ClInclude Include="stdafx.h">
      <Filter>App</Filter>
    </ClInclude>
    <ClInclude Include="system.h">
      <Filter>App</Filter>
    </ClInclude>
    <ClInclude Include="MiniEngine.h">
      <Filter>Core</Filter>
    </ClInclude>
    <ClInclude Include="GraphicsEngine.h">
      <Filter>Core</Filter>
    </ClInclude>
    <ClInclude Include="RenderContext.h">
      <Filter>Core</Filter>
    </ClInclude>
    <ClInclude Include="TkEngine.h">
      <Filter>Core</Filter>
    </ClInclude>
  </ItemGroup>
</Project>